
Microsoft Visual Studio Solution File, Format Version 12.00
# Visual Studio Version 16
VisualStudioVersion = 16.0.31205.134
MinimumVisualStudioVersion = 10.0.40219.1
Project("{FAE04EC0-301F-11D3-BF4B-00C04F79EFBC}") = "FreeCam", "FreeCam\FreeCam.csproj", "{8D456194-8DC5-4C4B-A9CE-AEF50AF59A68}"
EndProject
Project("{FAE04EC0-301F-11D3-BF4B-00C04F79EFBC}") = "AccurateControls", "AccurateControls\AccurateControls.csproj", "{69C53411-B17D-46DE-9397-1F2BD9F3B067}"
EndProject
Project("{FAE04EC0-301F-11D3-BF4B-00C04F79EFBC}") = "GraphicalTweaks", "GraphicalTweaks\GraphicalTweaks.csproj", "{DC4F207B-7F8B-4615-BF91-C8B9F774A4C9}"
EndProject
Global
	GlobalSection(SolutionConfigurationPlatforms) = preSolution
		Debug|Any CPU = Debug|Any CPU
		Debug|x64 = Debug|x64
		Release|Any CPU = Release|Any CPU
		Release|x64 = Release|x64
	EndGlobalSection
	GlobalSection(ProjectConfigurationPlatforms) = postSolution
		{8D456194-8DC5-4C4B-A9CE-AEF50AF59A68}.Debug|Any CPU.ActiveCfg = Debug|Any CPU
		{8D456194-8DC5-4C4B-A9CE-AEF50AF59A68}.Debug|Any CPU.Build.0 = Debug|Any CPU
		{8D456194-8DC5-4C4B-A9CE-AEF50AF59A68}.Debug|x64.ActiveCfg = Debug|Any CPU
		{8D456194-8DC5-4C4B-A9CE-AEF50AF59A68}.Debug|x64.Build.0 = Debug|Any CPU
		{8D456194-8DC5-4C4B-A9CE-AEF50AF59A68}.Release|Any CPU.ActiveCfg = Release|Any CPU
		{8D456194-8DC5-4C4B-A9CE-AEF50AF59A68}.Release|Any CPU.Build.0 = Release|Any CPU
		{8D456194-8DC5-4C4B-A9CE-AEF50AF59A68}.Release|x64.ActiveCfg = Release|Any CPU
		{8D456194-8DC5-4C4B-A9CE-AEF50AF59A68}.Release|x64.Build.0 = Release|Any CPU
		{69C53411-B17D-46DE-9397-1F2BD9F3B067}.Debug|Any CPU.ActiveCfg = Debug|Any CPU
		{69C53411-B17D-46DE-9397-1F2BD9F3B067}.Debug|Any CPU.Build.0 = Debug|Any CPU
		{69C53411-B17D-46DE-9397-1F2BD9F3B067}.Debug|x64.ActiveCfg = Debug|Any CPU
		{69C53411-B17D-46DE-9397-1F2BD9F3B067}.Debug|x64.Build.0 = Debug|Any CPU
		{69C53411-B17D-46DE-9397-1F2BD9F3B067}.Release|Any CPU.ActiveCfg = Release|Any CPU
		{69C53411-B17D-46DE-9397-1F2BD9F3B067}.Release|Any CPU.Build.0 = Release|Any CPU
		{69C53411-B17D-46DE-9397-1F2BD9F3B067}.Release|x64.ActiveCfg = Release|Any CPU
		{69C53411-B17D-46DE-9397-1F2BD9F3B067}.Release|x64.Build.0 = Release|Any CPU
		{DC4F207B-7F8B-4615-BF91-C8B9F774A4C9}.Debug|Any CPU.ActiveCfg = Debug|Any CPU
		{DC4F207B-7F8B-4615-BF91-C8B9F774A4C9}.Debug|Any CPU.Build.0 = Debug|Any CPU
		{DC4F207B-7F8B-4615-BF91-C8B9F774A4C9}.Debug|x64.ActiveCfg = Debug|Any CPU
		{DC4F207B-7F8B-4615-BF91-C8B9F774A4C9}.Debug|x64.Build.0 = Debug|Any CPU
		{DC4F207B-7F8B-4615-BF91-C8B9F774A4C9}.Release|Any CPU.ActiveCfg = Release|Any CPU
		{DC4F207B-7F8B-4615-BF91-C8B9F774A4C9}.Release|Any CPU.Build.0 = Release|Any CPU
		{DC4F207B-7F8B-4615-BF91-C8B9F774A4C9}.Release|x64.ActiveCfg = Release|Any CPU
		{DC4F207B-7F8B-4615-BF91-C8B9F774A4C9}.Release|x64.Build.0 = Release|Any CPU
	EndGlobalSection
	GlobalSection(SolutionProperties) = preSolution
		HideSolutionNode = FALSE
	EndGlobalSection
	GlobalSection(ExtensibilityGlobals) = postSolution
		SolutionGuid = {B89F7F72-6150-4982-84F5-7EE1F34B8712}
	EndGlobalSection
EndGlobal
